// !$*UTF8*$!
{
	archiveVersion = 1;
	classes = {
	};
	objectVersion = 46;
	objects = {

/* Begin PBXBuildFile section */
		095190FC1E008C5E000F567C /* Field.swift in Sources */ = {isa = PBXBuildFile; fileRef = 095190FB1E008C5E000F567C /* Field.swift */; };
		09A597821DFB3F0200744D04 /* AppDelegate.swift in Sources */ = {isa = PBXBuildFile; fileRef = 09A597811DFB3F0200744D04 /* AppDelegate.swift */; };
		09A597841DFB3F0200744D04 /* ViewController.swift in Sources */ = {isa = PBXBuildFile; fileRef = 09A597831DFB3F0200744D04 /* ViewController.swift */; };
		09A597871DFB3F0200744D04 /* Main.storyboard in Resources */ = {isa = PBXBuildFile; fileRef = 09A597851DFB3F0200744D04 /* Main.storyboard */; };
		09A597891DFB3F0200744D04 /* Assets.xcassets in Resources */ = {isa = PBXBuildFile; fileRef = 09A597881DFB3F0200744D04 /* Assets.xcassets */; };
		09A5978C1DFB3F0200744D04 /* LaunchScreen.storyboard in Resources */ = {isa = PBXBuildFile; fileRef = 09A5978A1DFB3F0200744D04 /* LaunchScreen.storyboard */; };
		09A597941DFB40EE00744D04 /* Board.swift in Sources */ = {isa = PBXBuildFile; fileRef = 09A597931DFB40EE00744D04 /* Board.swift */; };
/* End PBXBuildFile section */

/* Begin PBXFileReference section */
		095190FB1E008C5E000F567C /* Field.swift */ = {isa = PBXFileReference; fileEncoding = 4; lastKnownFileType = sourcecode.swift; path = Field.swift; sourceTree = "<group>"; };
		09A5977E1DFB3F0200744D04 /* tictactoe.app */ = {isa = PBXFileReference; explicitFileType = wrapper.application; includeInIndex = 0; path = tictactoe.app; sourceTree = BUILT_PRODUCTS_DIR; };
		09A597811DFB3F0200744D04 /* AppDelegate.swift */ = {isa = PBXFileReference; lastKnownFileType = sourcecode.swift; path = AppDelegate.swift; sourceTree = "<group>"; };
		09A597831DFB3F0200744D04 /* ViewController.swift */ = {isa = PBXFileReference; lastKnownFileType = sourcecode.swift; path = ViewController.swift; sourceTree = "<group>"; };
		09A597861DFB3F0200744D04 /* Base */ = {isa = PBXFileReference; lastKnownFileType = file.storyboard; name = Base; path = Base.lproj/Main.storyboard; sourceTree = "<group>"; };
		09A597881DFB3F0200744D04 /* Assets.xcassets */ = {isa = PBXFileReference; lastKnownFileType = folder.assetcatalog; path = Assets.xcassets; sourceTree = "<group>"; };
		09A5978B1DFB3F0200744D04 /* Base */ = {isa = PBXFileReference; lastKnownFileType = file.storyboard; name = Base; path = Base.lproj/LaunchScreen.storyboard; sourceTree = "<group>"; };
		09A5978D1DFB3F0200744D04 /* Info.plist */ = {isa = PBXFileReference; lastKnownFileType = text.plist.xml; path = Info.plist; sourceTree = "<group>"; };
		09A597931DFB40EE00744D04 /* Board.swift */ = {isa = PBXFileReference; fileEncoding = 4; lastKnownFileType = sourcecode.swift; path = Board.swift; sourceTree = "<group>"; };
/* End PBXFileReference section */

/* Begin PBXFrameworksBuildPhase section */
		09A5977B1DFB3F0100744D04 /* Frameworks */ = {
			isa = PBXFrameworksBuildPhase;
			buildActionMask = 2147483647;
			files = (
			);
			runOnlyForDeploymentPostprocessing = 0;
		};
/* End PBXFrameworksBuildPhase section */

/* Begin PBXGroup section */
		09A597751DFB3F0100744D04 = {
			isa = PBXGroup;
			children = (
				09A597801DFB3F0200744D04 /* tictactoe */,
				09A5977F1DFB3F0200744D04 /* Products */,
			);
			sourceTree = "<group>";
		};
		09A5977F1DFB3F0200744D04 /* Products */ = {
			isa = PBXGroup;
			children = (
				09A5977E1DFB3F0200744D04 /* tictactoe.app */,
			);
			name = Products;
			sourceTree = "<group>";
		};
		09A597801DFB3F0200744D04 /* tictactoe */ = {
			isa = PBXGroup;
			children = (
				09A597811DFB3F0200744D04 /* AppDelegate.swift */,
				095190FB1E008C5E000F567C /* Field.swift */,
				09A597931DFB40EE00744D04 /* Board.swift */,
				09A597831DFB3F0200744D04 /* ViewController.swift */,
				09A597851DFB3F0200744D04 /* Main.storyboard */,
				09A597881DFB3F0200744D04 /* Assets.xcassets */,
				09A5978A1DFB3F0200744D04 /* LaunchScreen.storyboard */,
				09A5978D1DFB3F0200744D04 /* Info.plist */,
			);
			path = tictactoe;
			sourceTree = "<group>";
		};
/* End PBXGroup section */

/* Begin PBXNativeTarget section */
		09A5977D1DFB3F0100744D04 /* tictactoe */ = {
			isa = PBXNativeTarget;
			buildConfigurationList = 09A597901DFB3F0200744D04 /* Build configuration list for PBXNativeTarget "tictactoe" */;
			buildPhases = (
				09A5977A1DFB3F0100744D04 /* Sources */,
				09A5977B1DFB3F0100744D04 /* Frameworks */,
				09A5977C1DFB3F0100744D04 /* Resources */,
			);
			buildRules = (
			);
			dependencies = (
			);
			name = tictactoe;
			productName = tictactoe;
			productReference = 09A5977E1DFB3F0200744D04 /* tictactoe.app */;
			productType = "com.apple.product-type.application";
		};
/* End PBXNativeTarget section */

/* Begin PBXProject section */
		09A597761DFB3F0100744D04 /* Project object */ = {
			isa = PBXProject;
			attributes = {
				LastSwiftUpdateCheck = 0810;
				LastUpgradeCheck = 0810;
				ORGANIZATIONNAME = Tawpy;
				TargetAttributes = {
					09A5977D1DFB3F0100744D04 = {
						CreatedOnToolsVersion = 8.1;
						DevelopmentTeam = 37UFE54W7P;
						ProvisioningStyle = Automatic;
					};
				};
			};
			buildConfigurationList = 09A597791DFB3F0100744D04 /* Build configuration list for PBXProject "tictactoe" */;
			compatibilityVersion = "Xcode 3.2";
			developmentRegion = English;
			hasScannedForEncodings = 0;
			knownRegions = (
				en,
				Base,
			);
			mainGroup = 09A597751DFB3F0100744D04;
			productRefGroup = 09A5977F1DFB3F0200744D04 /* Products */;
			projectDirPath = "";
			projectRoot = "";
			targets = (
				09A5977D1DFB3F0100744D04 /* tictactoe */,
			);
		};
/* End PBXProject section */

/* Begin PBXResourcesBuildPhase section */
		09A5977C1DFB3F0100744D04 /* Resources */ = {
			isa = PBXResourcesBuildPhase;
			buildActionMask = 2147483647;
			files = (
				09A5978C1DFB3F0200744D04 /* LaunchScreen.storyboard in Resources */,
				09A597891DFB3F0200744D04 /* Assets.xcassets in Resources */,
				09A597871DFB3F0200744D04 /* Main.storyboard in Resources */,
			);
			runOnlyForDeploymentPostprocessing = 0;
		};
/* End PBXResourcesBuildPhase section */

/* Begin PBXSourcesBuildPhase section */
		09A5977A1DFB3F0100744D04 /* Sources */ = {
			isa = PBXSourcesBuildPhase;
			buildActionMask = 2147483647;
			files = (
				09A597841DFB3F0200744D04 /* ViewController.swift in Sources */,
				09A597821DFB3F0200744D04 /* AppDelegate.swift in Sources */,
				095190FC1E008C5E000F567C /* Field.swift in Sources */,
				09A597941DFB40EE00744D04 /* Board.swift in Sources */,
			);
			runOnlyForDeploymentPostprocessing = 0;
		};
/* End PBXSourcesBuildPhase section */

/* Begin PBXVariantGroup section */
		09A597851DFB3F0200744D04 /* Main.storyboard */ = {
			isa = PBXVariantGroup;
			children = (
				09A597861DFB3F0200744D04 /* Base */,
			);
			name = Main.storyboard;
			sourceTree = "<group>";
		};
		09A5978A1DFB3F0200744D04 /* LaunchScreen.storyboard */ = {
			isa = PBXVariantGroup;
			children = (
				09A5978B1DFB3F0200744D04 /* Base */,
			);
			name = LaunchScreen.storyboard;
			sourceTree = "<group>";
		};
/* End PBXVariantGroup section */

/* Begin XCBuildConfiguration section */
		09A5978E1DFB3F0200744D04 /* Debug */ = {
			isa = XCBuildConfiguration;
			buildSettings = {
				ALWAYS_SEARCH_USER_PATHS = NO;
				CLANG_ANALYZER_NONNULL = YES;
				CLANG_CXX_LANGUAGE_STANDARD = "gnu++0x";
				CLANG_CXX_LIBRARY = "libc++";
				CLANG_ENABLE_MODULES = YES;
				CLANG_ENABLE_OBJC_ARC = YES;
				CLANG_WARN_BOOL_CONVERSION = YES;
				CLANG_WARN_CONSTANT_CONVERSION = YES;
				CLANG_WARN_DIRECT_OBJC_ISA_USAGE = YES_ERROR;
				CLANG_WARN_DOCUMENTATION_COMMENTS = YES;
				CLANG_WARN_EMPTY_BODY = YES;
				CLANG_WARN_ENUM_CONVERSION = YES;
				CLANG_WARN_INFINITE_RECURSION = YES;
				CLANG_WARN_INT_CONVERSION = YES;
				CLANG_WARN_OBJC_ROOT_CLASS = YES_ERROR;
				CLANG_WARN_SUSPICIOUS_MOVES = YES;
				CLANG_WARN_UNREACHABLE_CODE = YES;
				CLANG_WARN__DUPLICATE_METHOD_MATCH = YES;
				"CODE_SIGN_IDENTITY[sdk=iphoneos*]" = "iPhone Developer";
				COPY_PHASE_STRIP = NO;
				DEBUG_INFORMATION_FORMAT = dwarf;
				ENABLE_STRICT_OBJC_MSGSEND = YES;
				ENABLE_TESTABILITY = YES;
				GCC_C_LANGUAGE_STANDARD = gnu99;
				GCC_DYNAMIC_NO_PIC = NO;
				GCC_NO_COMMON_BLOCKS = YES;
				GCC_OPTIMIZATION_LEVEL = 0;
				GCC_PREPROCESSOR_DEFINITIONS = (
					"DEBUG=1",
					"$(inherited)",
				);
				GCC_WARN_64_TO_32_BIT_CONVERSION = YES;
				GCC_WARN_ABOUT_RETURN_TYPE = YES_ERROR;
				GCC_WARN_UNDECLARED_SELECTOR = YES;
				GCC_WARN_UNINITIALIZED_AUTOS = YES_AGGRESSIVE;
				GCC_WARN_UNUSED_FUNCTION = YES;
				GCC_WARN_UNUSED_VARIABLE = YES;
				IPHONEOS_DEPLOYMENT_TARGET = 10.1;
				MTL_ENABLE_DEBUG_INFO = YES;
				ONLY_ACTIVE_ARCH = YES;
				SDKROOT = iphoneos;
				SWIFT_ACTIVE_COMPILATION_CONDITIONS = DEBUG;
				SWIFT_OPTIMIZATION_LEVEL = "-Onone";
			};
			name = Debug;
		};
		09A5978F1DFB3F0200744D04 /* Release */ = {
			isa = XCBuildConfiguration;
			buildSettings = {
				ALWAYS_SEARCH_USER_PATHS = NO;
				CLANG_ANALYZER_NONNULL = YES;
				CLANG_CXX_LANGUAGE_STANDARD = "gnu++0x";
				CLANG_CXX_LIBRARY = "libc++";
				CLANG_ENABLE_MODULES = YES;
				CLANG_ENABLE_OBJC_ARC = YES;
				CLANG_WARN_BOOL_CONVERSION = YES;
				CLANG_WARN_CONSTANT_CONVERSION = YES;
				CLANG_WARN_DIRECT_OBJC_ISA_USAGE = YES_ERROR;
				CLANG_WARN_DOCUMENTATION_COMMENTS = YES;
				CLANG_WARN_EMPTY_BODY = YES;
				CLANG_WARN_ENUM_CONVERSION = YES;
				CLANG_WARN_INFINITE_RECURSION = YES;
				CLANG_WARN_INT_CONVERSION = YES;
				CLANG_WARN_OBJC_ROOT_CLASS = YES_ERROR;
				CLANG_WARN_SUSPICIOUS_MOVES = YES;
				CLANG_WARN_UNREACHABLE_CODE = YES;
				CLANG_WARN__DUPLICATE_METHOD_MATCH = YES;
				"CODE_SIGN_IDENTITY[sdk=iphoneos*]" = "iPhone Developer";
				COPY_PHASE_STRIP = NO;
				DEBUG_INFORMATION_FORMAT = "dwarf-with-dsym";
				ENABLE_NS_ASSERTIONS = NO;
				ENABLE_STRICT_OBJC_MSGSEND = YES;
				GCC_C_LANGUAGE_STANDARD = gnu99;
				GCC_NO_COMMON_BLOCKS = YES;
				GCC_WARN_64_TO_32_BIT_CONVERSION = YES;
				GCC_WARN_ABOUT_RETURN_TYPE = YES_ERROR;
				GCC_WARN_UNDECLARED_SELECTOR = YES;
				GCC_WARN_UNINITIALIZED_AUTOS = YES_AGGRESSIVE;
				GCC_WARN_UNUSED_FUNCTION = YES;
				GCC_WARN_UNUSED_VARIABLE = YES;
				IPHONEOS_DEPLOYMENT_TARGET = 10.1;
				MTL_ENABLE_DEBUG_INFO = NO;
				SDKROOT = iphoneos;
				SWIFT_OPTIMIZATION_LEVEL = "-Owholemodule";
				VALIDATE_PRODUCT = YES;
			};
			name = Release;
		};
		09A597911DFB3F0200744D04 /* Debug */ = {
			isa = XCBuildConfiguration;
			buildSettings = {
				ASSETCATALOG_COMPILER_APPICON_NAME = AppIcon;
				DEVELOPMENT_TEAM = 37UFE54W7P;
				INFOPLIST_FILE = tictactoe/Info.plist;
				LD_RUNPATH_SEARCH_PATHS = "$(inherited) @executable_path/Frameworks";
				PRODUCT_BUNDLE_IDENTIFIER = com.tawpy.tictactoe;
				PRODUCT_NAME = "$(TARGET_NAME)";
				SWIFT_VERSION = 3.0;
			};
			name = Debug;
		};
		09A597921DFB3F0200744D04 /* Release */ = {
			isa = XCBuildConfiguration;
			buildSettings = {
				ASSETCATALOG_COMPILER_APPICON_NAME = AppIcon;
				DEVELOPMENT_TEAM = 37UFE54W7P;
				INFOPLIST_FILE = tictactoe/Info.plist;
				LD_RUNPATH_SEARCH_PATHS = "$(inherited) @executable_path/Frameworks";
				PRODUCT_BUNDLE_IDENTIFIER = com.tawpy.tictactoe;
				PRODUCT_NAME = "$(TARGET_NAME)";
				SWIFT_VERSION = 3.0;
			};
			name = Release;
		};
/* End XCBuildConfiguration section */

/* Begin XCConfigurationList section */
		09A597791DFB3F0100744D04 /* Build configuration list for PBXProject "tictactoe" */ = {
			isa = XCConfigurationList;
			buildConfigurations = (
				09A5978E1DFB3F0200744D04 /* Debug */,
				09A5978F1DFB3F0200744D04 /* Release */,
			);
			defaultConfigurationIsVisible = 0;
			defaultConfigurationName = Release;
		};
		09A597901DFB3F0200744D04 /* Build configuration list for PBXNativeTarget "tictactoe" */ = {
			isa = XCConfigurationList;
			buildConfigurations = (
				09A597911DFB3F0200744D04 /* Debug */,
				09A597921DFB3F0200744D04 /* Release */,
			);
			defaultConfigurationIsVisible = 0;
			defaultConfigurationName = Release;
		};
/* End XCConfigurationList section */
	};
	rootObject = 09A597761DFB3F0100744D04 /* Project object */;
}
